
Microsoft Visual Studio Solution File, Format Version 12.00
# Visual Studio Version 17
VisualStudioVersion = 17.10.34607.79
MinimumVisualStudioVersion = 10.0.40219.1
Project("{9A19103F-16F7-4668-BE54-9A1E7A4F7556}") = "DiiaTools", "DiiaTools\DiiaTools.csproj", "{19726544-70E2-4BC5-91C7-1A2498C83EC9}"
EndProject
Project("{9A19103F-16F7-4668-BE54-9A1E7A4F7556}") = "FakeBankId", "FakeBankId\FakeBankId.csproj", "{3C2A602E-82CC-4330-A2DE-8CAD49F6888E}"
EndProject
Project("{FAE04EC0-301F-11D3-BF4B-00C04F79EFBC}") = "FakeDiiaCrypto", "FakeDiiaCrypto\FakeDiiaCrypto.csproj", "{7DC29310-A572-4FC1-920F-1A449339D4A4}"
EndProject
Global
	GlobalSection(SolutionConfigurationPlatforms) = preSolution
		Debug|Any CPU = Debug|Any CPU
		Release|Any CPU = Release|Any CPU
	EndGlobalSection
	GlobalSection(ProjectConfigurationPlatforms) = postSolution
		{19726544-70E2-4BC5-91C7-1A2498C83EC9}.Debug|Any CPU.ActiveCfg = Debug|Any CPU
		{19726544-70E2-4BC5-91C7-1A2498C83EC9}.Debug|Any CPU.Build.0 = Debug|Any CPU
		{19726544-70E2-4BC5-91C7-1A2498C83EC9}.Release|Any CPU.ActiveCfg = Release|Any CPU
		{19726544-70E2-4BC5-91C7-1A2498C83EC9}.Release|Any CPU.Build.0 = Release|Any CPU
		{3C2A602E-82CC-4330-A2DE-8CAD49F6888E}.Debug|Any CPU.ActiveCfg = Debug|Any CPU
		{3C2A602E-82CC-4330-A2DE-8CAD49F6888E}.Debug|Any CPU.Build.0 = Debug|Any CPU
		{3C2A602E-82CC-4330-A2DE-8CAD49F6888E}.Release|Any CPU.ActiveCfg = Release|Any CPU
		{3C2A602E-82CC-4330-A2DE-8CAD49F6888E}.Release|Any CPU.Build.0 = Release|Any CPU
		{7DC29310-A572-4FC1-920F-1A449339D4A4}.Debug|Any CPU.ActiveCfg = Debug|Any CPU
		{7DC29310-A572-4FC1-920F-1A449339D4A4}.Debug|Any CPU.Build.0 = Debug|Any CPU
		{7DC29310-A572-4FC1-920F-1A449339D4A4}.Release|Any CPU.ActiveCfg = Release|Any CPU
		{7DC29310-A572-4FC1-920F-1A449339D4A4}.Release|Any CPU.Build.0 = Release|Any CPU
	EndGlobalSection
	GlobalSection(SolutionProperties) = preSolution
		HideSolutionNode = FALSE
	EndGlobalSection
	GlobalSection(ExtensibilityGlobals) = postSolution
		SolutionGuid = {8A28BEC4-3BE4-4615-8957-BEBB43413433}
	EndGlobalSection
EndGlobal
